// !$*UTF8*$!
{
	archiveVersion = 1;
	classes = {
	};
	objectVersion = 46;
	objects = {

/* Begin PBXBuildFile section */
		266A88711BED6E6E000679E4 /* AppDelegate.swift in Sources */ = {isa = PBXBuildFile; fileRef = 266A88701BED6E6E000679E4 /* AppDelegate.swift */; };
		266A88761BED6E6E000679E4 /* Main.storyboard in Resources */ = {isa = PBXBuildFile; fileRef = 266A88741BED6E6E000679E4 /* Main.storyboard */; };
		266A88791BED6E6E000679E4 /* CoreDataList.xcdatamodeld in Sources */ = {isa = PBXBuildFile; fileRef = 266A88771BED6E6E000679E4 /* CoreDataList.xcdatamodeld */; };
		266A887B1BED6E6E000679E4 /* Assets.xcassets in Resources */ = {isa = PBXBuildFile; fileRef = 266A887A1BED6E6E000679E4 /* Assets.xcassets */; };
		266A887E1BED6E6E000679E4 /* LaunchScreen.storyboard in Resources */ = {isa = PBXBuildFile; fileRef = 266A887C1BED6E6E000679E4 /* LaunchScreen.storyboard */; };
		266A88891BED6E6E000679E4 /* CoreDataListTests.swift in Sources */ = {isa = PBXBuildFile; fileRef = 266A88881BED6E6E000679E4 /* CoreDataListTests.swift */; };
		266A88941BED6E6E000679E4 /* CoreDataListUITests.swift in Sources */ = {isa = PBXBuildFile; fileRef = 266A88931BED6E6E000679E4 /* CoreDataListUITests.swift */; };
		266A88A41BED716A000679E4 /* tableViewC.swift in Sources */ = {isa = PBXBuildFile; fileRef = 266A88A31BED7169000679E4 /* tableViewC.swift */; settings = {ASSET_TAGS = (); }; };
/* End PBXBuildFile section */

/* Begin PBXContainerItemProxy section */
		266A88851BED6E6E000679E4 /* PBXContainerItemProxy */ = {
			isa = PBXContainerItemProxy;
			containerPortal = 266A88651BED6E6D000679E4 /* Project object */;
			proxyType = 1;
			remoteGlobalIDString = 266A886C1BED6E6D000679E4;
			remoteInfo = CoreDataList;
		};
		266A88901BED6E6E000679E4 /* PBXContainerItemProxy */ = {
			isa = PBXContainerItemProxy;
			containerPortal = 266A88651BED6E6D000679E4 /* Project object */;
			proxyType = 1;
			remoteGlobalIDString = 266A886C1BED6E6D000679E4;
			remoteInfo = CoreDataList;
		};
/* End PBXContainerItemProxy section */

/* Begin PBXFileReference section */
		266A886D1BED6E6D000679E4 /* CoreDataList.app */ = {isa = PBXFileReference; explicitFileType = wrapper.application; includeInIndex = 0; path = CoreDataList.app; sourceTree = BUILT_PRODUCTS_DIR; };
		266A88701BED6E6E000679E4 /* AppDelegate.swift */ = {isa = PBXFileReference; lastKnownFileType = sourcecode.swift; path = AppDelegate.swift; sourceTree = "<group>"; };
		266A88751BED6E6E000679E4 /* Base */ = {isa = PBXFileReference; lastKnownFileType = file.storyboard; name = Base; path = Base.lproj/Main.storyboard; sourceTree = "<group>"; };
		266A88781BED6E6E000679E4 /* CoreDataList.xcdatamodel */ = {isa = PBXFileReference; lastKnownFileType = wrapper.xcdatamodel; path = CoreDataList.xcdatamodel; sourceTree = "<group>"; };
		266A887A1BED6E6E000679E4 /* Assets.xcassets */ = {isa = PBXFileReference; lastKnownFileType = folder.assetcatalog; path = Assets.xcassets; sourceTree = "<group>"; };
		266A887D1BED6E6E000679E4 /* Base */ = {isa = PBXFileReference; lastKnownFileType = file.storyboard; name = Base; path = Base.lproj/LaunchScreen.storyboard; sourceTree = "<group>"; };
		266A887F1BED6E6E000679E4 /* Info.plist */ = {isa = PBXFileReference; lastKnownFileType = text.plist.xml; path = Info.plist; sourceTree = "<group>"; };
		266A88841BED6E6E000679E4 /* CoreDataListTests.xctest */ = {isa = PBXFileReference; explicitFileType = wrapper.cfbundle; includeInIndex = 0; path = CoreDataListTests.xctest; sourceTree = BUILT_PRODUCTS_DIR; };
		266A88881BED6E6E000679E4 /* CoreDataListTests.swift */ = {isa = PBXFileReference; lastKnownFileType = sourcecode.swift; path = CoreDataListTests.swift; sourceTree = "<group>"; };
		266A888A1BED6E6E000679E4 /* Info.plist */ = {isa = PBXFileReference; lastKnownFileType = text.plist.xml; path = Info.plist; sourceTree = "<group>"; };
		266A888F1BED6E6E000679E4 /* CoreDataListUITests.xctest */ = {isa = PBXFileReference; explicitFileType = wrapper.cfbundle; includeInIndex = 0; path = CoreDataListUITests.xctest; sourceTree = BUILT_PRODUCTS_DIR; };
		266A88931BED6E6E000679E4 /* CoreDataListUITests.swift */ = {isa = PBXFileReference; lastKnownFileType = sourcecode.swift; path = CoreDataListUITests.swift; sourceTree = "<group>"; };
		266A88951BED6E6E000679E4 /* Info.plist */ = {isa = PBXFileReference; lastKnownFileType = text.plist.xml; path = Info.plist; sourceTree = "<group>"; };
		266A88A31BED7169000679E4 /* tableViewC.swift */ = {isa = PBXFileReference; fileEncoding = 4; lastKnownFileType = sourcecode.swift; path = tableViewC.swift; sourceTree = "<group>"; };
/* End PBXFileReference section */

/* Begin PBXFrameworksBuildPhase section */
		266A886A1BED6E6D000679E4 /* Frameworks */ = {
			isa = PBXFrameworksBuildPhase;
			buildActionMask = 2147483647;
			files = (
			);
			runOnlyForDeploymentPostprocessing = 0;
		};
		266A88811BED6E6E000679E4 /* Frameworks */ = {
			isa = PBXFrameworksBuildPhase;
			buildActionMask = 2147483647;
			files = (
			);
			runOnlyForDeploymentPostprocessing = 0;
		};
		266A888C1BED6E6E000679E4 /* Frameworks */ = {
			isa = PBXFrameworksBuildPhase;
			buildActionMask = 2147483647;
			files = (
			);
			runOnlyForDeploymentPostprocessing = 0;
		};
/* End PBXFrameworksBuildPhase section */

/* Begin PBXGroup section */
		266A88641BED6E6D000679E4 = {
			isa = PBXGroup;
			children = (
				266A886F1BED6E6E000679E4 /* CoreDataList */,
				266A88871BED6E6E000679E4 /* CoreDataListTests */,
				266A88921BED6E6E000679E4 /* CoreDataListUITests */,
				266A886E1BED6E6D000679E4 /* Products */,
			);
			sourceTree = "<group>";
		};
		266A886E1BED6E6D000679E4 /* Products */ = {
			isa = PBXGroup;
			children = (
				266A886D1BED6E6D000679E4 /* CoreDataList.app */,
				266A88841BED6E6E000679E4 /* CoreDataListTests.xctest */,
				266A888F1BED6E6E000679E4 /* CoreDataListUITests.xctest */,
			);
			name = Products;
			sourceTree = "<group>";
		};
		266A886F1BED6E6E000679E4 /* CoreDataList */ = {
			isa = PBXGroup;
			children = (
				266A88701BED6E6E000679E4 /* AppDelegate.swift */,
				266A88A31BED7169000679E4 /* tableViewC.swift */,
				266A88741BED6E6E000679E4 /* Main.storyboard */,
				266A887A1BED6E6E000679E4 /* Assets.xcassets */,
				266A887C1BED6E6E000679E4 /* LaunchScreen.storyboard */,
				266A887F1BED6E6E000679E4 /* Info.plist */,
				266A88771BED6E6E000679E4 /* CoreDataList.xcdatamodeld */,
			);
			path = CoreDataList;
			sourceTree = "<group>";
		};
		266A88871BED6E6E000679E4 /* CoreDataListTests */ = {
			isa = PBXGroup;
			children = (
				266A88881BED6E6E000679E4 /* CoreDataListTests.swift */,
				266A888A1BED6E6E000679E4 /* Info.plist */,
			);
			path = CoreDataListTests;
			sourceTree = "<group>";
		};
		266A88921BED6E6E000679E4 /* CoreDataListUITests */ = {
			isa = PBXGroup;
			children = (
				266A88931BED6E6E000679E4 /* CoreDataListUITests.swift */,
				266A88951BED6E6E000679E4 /* Info.plist */,
			);
			path = CoreDataListUITests;
			sourceTree = "<group>";
		};
/* End PBXGroup section */

/* Begin PBXNativeTarget section */
		266A886C1BED6E6D000679E4 /* CoreDataList */ = {
			isa = PBXNativeTarget;
			buildConfigurationList = 266A88981BED6E6E000679E4 /* Build configuration list for PBXNativeTarget "CoreDataList" */;
			buildPhases = (
				266A88691BED6E6D000679E4 /* Sources */,
				266A886A1BED6E6D000679E4 /* Frameworks */,
				266A886B1BED6E6D000679E4 /* Resources */,
			);
			buildRules = (
			);
			dependencies = (
			);
			name = CoreDataList;
			productName = CoreDataList;
			productReference = 266A886D1BED6E6D000679E4 /* CoreDataList.app */;
			productType = "com.apple.product-type.application";
		};
		266A88831BED6E6E000679E4 /* CoreDataListTests */ = {
			isa = PBXNativeTarget;
			buildConfigurationList = 266A889B1BED6E6E000679E4 /* Build configuration list for PBXNativeTarget "CoreDataListTests" */;
			buildPhases = (
				266A88801BED6E6E000679E4 /* Sources */,
				266A88811BED6E6E000679E4 /* Frameworks */,
				266A88821BED6E6E000679E4 /* Resources */,
			);
			buildRules = (
			);
			dependencies = (
				266A88861BED6E6E000679E4 /* PBXTargetDependency */,
			);
			name = CoreDataListTests;
			productName = CoreDataListTests;
			productReference = 266A88841BED6E6E000679E4 /* CoreDataListTests.xctest */;
			productType = "com.apple.product-type.bundle.unit-test";
		};
		266A888E1BED6E6E000679E4 /* CoreDataListUITests */ = {
			isa = PBXNativeTarget;
			buildConfigurationList = 266A889E1BED6E6E000679E4 /* Build configuration list for PBXNativeTarget "CoreDataListUITests" */;
			buildPhases = (
				266A888B1BED6E6E000679E4 /* Sources */,
				266A888C1BED6E6E000679E4 /* Frameworks */,
				266A888D1BED6E6E000679E4 /* Resources */,
			);
			buildRules = (
			);
			dependencies = (
				266A88911BED6E6E000679E4 /* PBXTargetDependency */,
			);
			name = CoreDataListUITests;
			productName = CoreDataListUITests;
			productReference = 266A888F1BED6E6E000679E4 /* CoreDataListUITests.xctest */;
			productType = "com.apple.product-type.bundle.ui-testing";
		};
/* End PBXNativeTarget section */

/* Begin PBXProject section */
		266A88651BED6E6D000679E4 /* Project object */ = {
			isa = PBXProject;
			attributes = {
				LastUpgradeCheck = 0700;
				ORGANIZATIONNAME = KaL;
				TargetAttributes = {
					266A886C1BED6E6D000679E4 = {
						CreatedOnToolsVersion = 7.0.1;
					};
					266A88831BED6E6E000679E4 = {
						CreatedOnToolsVersion = 7.0.1;
						TestTargetID = 266A886C1BED6E6D000679E4;
					};
					266A888E1BED6E6E000679E4 = {
						CreatedOnToolsVersion = 7.0.1;
						TestTargetID = 266A886C1BED6E6D000679E4;
					};
				};
			};
			buildConfigurationList = 266A88681BED6E6D000679E4 /* Build configuration list for PBXProject "CoreDataList" */;
			compatibilityVersion = "Xcode 3.2";
			developmentRegion = English;
			hasScannedForEncodings = 0;
			knownRegions = (
				en,
				Base,
			);
			mainGroup = 266A88641BED6E6D000679E4;
			productRefGroup = 266A886E1BED6E6D000679E4 /* Products */;
			projectDirPath = "";
			projectRoot = "";
			targets = (
				266A886C1BED6E6D000679E4 /* CoreDataList */,
				266A88831BED6E6E000679E4 /* CoreDataListTests */,
				266A888E1BED6E6E000679E4 /* CoreDataListUITests */,
			);
		};
/* End PBXProject section */

/* Begin PBXResourcesBuildPhase section */
		266A886B1BED6E6D000679E4 /* Resources */ = {
			isa = PBXResourcesBuildPhase;
			buildActionMask = 2147483647;
			files = (
				266A887E1BED6E6E000679E4 /* LaunchScreen.storyboard in Resources */,
				266A887B1BED6E6E000679E4 /* Assets.xcassets in Resources */,
				266A88761BED6E6E000679E4 /* Main.storyboard in Resources */,
			);
			runOnlyForDeploymentPostprocessing = 0;
		};
		266A88821BED6E6E000679E4 /* Resources */ = {
			isa = PBXResourcesBuildPhase;
			buildActionMask = 2147483647;
			files = (
			);
			runOnlyForDeploymentPostprocessing = 0;
		};
		266A888D1BED6E6E000679E4 /* Resources */ = {
			isa = PBXResourcesBuildPhase;
			buildActionMask = 2147483647;
			files = (
			);
			runOnlyForDeploymentPostprocessing = 0;
		};
/* End PBXResourcesBuildPhase section */

/* Begin PBXSourcesBuildPhase section */
		266A88691BED6E6D000679E4 /* Sources */ = {
			isa = PBXSourcesBuildPhase;
			buildActionMask = 2147483647;
			files = (
				266A88A41BED716A000679E4 /* tableViewC.swift in Sources */,
				266A88711BED6E6E000679E4 /* AppDelegate.swift in Sources */,
				266A88791BED6E6E000679E4 /* CoreDataList.xcdatamodeld in Sources */,
			);
			runOnlyForDeploymentPostprocessing = 0;
		};
		266A88801BED6E6E000679E4 /* Sources */ = {
			isa = PBXSourcesBuildPhase;
			buildActionMask = 2147483647;
			files = (
				266A88891BED6E6E000679E4 /* CoreDataListTests.swift in Sources */,
			);
			runOnlyForDeploymentPostprocessing = 0;
		};
		266A888B1BED6E6E000679E4 /* Sources */ = {
			isa = PBXSourcesBuildPhase;
			buildActionMask = 2147483647;
			files = (
				266A88941BED6E6E000679E4 /* CoreDataListUITests.swift in Sources */,
			);
			runOnlyForDeploymentPostprocessing = 0;
		};
/* End PBXSourcesBuildPhase section */

/* Begin PBXTargetDependency section */
		266A88861BED6E6E000679E4 /* PBXTargetDependency */ = {
			isa = PBXTargetDependency;
			target = 266A886C1BED6E6D000679E4 /* CoreDataList */;
			targetProxy = 266A88851BED6E6E000679E4 /* PBXContainerItemProxy */;
		};
		266A88911BED6E6E000679E4 /* PBXTargetDependency */ = {
			isa = PBXTargetDependency;
			target = 266A886C1BED6E6D000679E4 /* CoreDataList */;
			targetProxy = 266A88901BED6E6E000679E4 /* PBXContainerItemProxy */;
		};
/* End PBXTargetDependency section */

/* Begin PBXVariantGroup section */
		266A88741BED6E6E000679E4 /* Main.storyboard */ = {
			isa = PBXVariantGroup;
			children = (
				266A88751BED6E6E000679E4 /* Base */,
			);
			name = Main.storyboard;
			sourceTree = "<group>";
		};
		266A887C1BED6E6E000679E4 /* LaunchScreen.storyboard */ = {
			isa = PBXVariantGroup;
			children = (
				266A887D1BED6E6E000679E4 /* Base */,
			);
			name = LaunchScreen.storyboard;
			sourceTree = "<group>";
		};
/* End PBXVariantGroup section */

/* Begin XCBuildConfiguration section */
		266A88961BED6E6E000679E4 /* Debug */ = {
			isa = XCBuildConfiguration;
			buildSettings = {
				ALWAYS_SEARCH_USER_PATHS = NO;
				CLANG_CXX_LANGUAGE_STANDARD = "gnu++0x";
				CLANG_CXX_LIBRARY = "libc++";
				CLANG_ENABLE_MODULES = YES;
				CLANG_ENABLE_OBJC_ARC = YES;
				CLANG_WARN_BOOL_CONVERSION = YES;
				CLANG_WARN_CONSTANT_CONVERSION = YES;
				CLANG_WARN_DIRECT_OBJC_ISA_USAGE = YES_ERROR;
				CLANG_WARN_EMPTY_BODY = YES;
				CLANG_WARN_ENUM_CONVERSION = YES;
				CLANG_WARN_INT_CONVERSION = YES;
				CLANG_WARN_OBJC_ROOT_CLASS = YES_ERROR;
				CLANG_WARN_UNREACHABLE_CODE = YES;
				CLANG_WARN__DUPLICATE_METHOD_MATCH = YES;
				"CODE_SIGN_IDENTITY[sdk=iphoneos*]" = "iPhone Developer";
				COPY_PHASE_STRIP = NO;
				DEBUG_INFORMATION_FORMAT = dwarf;
				ENABLE_STRICT_OBJC_MSGSEND = YES;
				ENABLE_TESTABILITY = YES;
				GCC_C_LANGUAGE_STANDARD = gnu99;
				GCC_DYNAMIC_NO_PIC = NO;
				GCC_NO_COMMON_BLOCKS = YES;
				GCC_OPTIMIZATION_LEVEL = 0;
				GCC_PREPROCESSOR_DEFINITIONS = (
					"DEBUG=1",
					"$(inherited)",
				);
				GCC_WARN_64_TO_32_BIT_CONVERSION = YES;
				GCC_WARN_ABOUT_RETURN_TYPE = YES_ERROR;
				GCC_WARN_UNDECLARED_SELECTOR = YES;
				GCC_WARN_UNINITIALIZED_AUTOS = YES_AGGRESSIVE;
				GCC_WARN_UNUSED_FUNCTION = YES;
				GCC_WARN_UNUSED_VARIABLE = YES;
				IPHONEOS_DEPLOYMENT_TARGET = 9.0;
				MTL_ENABLE_DEBUG_INFO = YES;
				ONLY_ACTIVE_ARCH = YES;
				SDKROOT = iphoneos;
				SWIFT_OPTIMIZATION_LEVEL = "-Onone";
				TARGETED_DEVICE_FAMILY = "1,2";
			};
			name = Debug;
		};
		266A88971BED6E6E000679E4 /* Release */ = {
			isa = XCBuildConfiguration;
			buildSettings = {
				ALWAYS_SEARCH_USER_PATHS = NO;
				CLANG_CXX_LANGUAGE_STANDARD = "gnu++0x";
				CLANG_CXX_LIBRARY = "libc++";
				CLANG_ENABLE_MODULES = YES;
				CLANG_ENABLE_OBJC_ARC = YES;
				CLANG_WARN_BOOL_CONVERSION = YES;
				CLANG_WARN_CONSTANT_CONVERSION = YES;
				CLANG_WARN_DIRECT_OBJC_ISA_USAGE = YES_ERROR;
				CLANG_WARN_EMPTY_BODY = YES;
				CLANG_WARN_ENUM_CONVERSION = YES;
				CLANG_WARN_INT_CONVERSION = YES;
				CLANG_WARN_OBJC_ROOT_CLASS = YES_ERROR;
				CLANG_WARN_UNREACHABLE_CODE = YES;
				CLANG_WARN__DUPLICATE_METHOD_MATCH = YES;
				"CODE_SIGN_IDENTITY[sdk=iphoneos*]" = "iPhone Developer";
				COPY_PHASE_STRIP = NO;
				DEBUG_INFORMATION_FORMAT = "dwarf-with-dsym";
				ENABLE_NS_ASSERTIONS = NO;
				ENABLE_STRICT_OBJC_MSGSEND = YES;
				GCC_C_LANGUAGE_STANDARD = gnu99;
				GCC_NO_COMMON_BLOCKS = YES;
				GCC_WARN_64_TO_32_BIT_CONVERSION = YES;
				GCC_WARN_ABOUT_RETURN_TYPE = YES_ERROR;
				GCC_WARN_UNDECLARED_SELECTOR = YES;
				GCC_WARN_UNINITIALIZED_AUTOS = YES_AGGRESSIVE;
				GCC_WARN_UNUSED_FUNCTION = YES;
				GCC_WARN_UNUSED_VARIABLE = YES;
				IPHONEOS_DEPLOYMENT_TARGET = 9.0;
				MTL_ENABLE_DEBUG_INFO = NO;
				SDKROOT = iphoneos;
				TARGETED_DEVICE_FAMILY = "1,2";
				VALIDATE_PRODUCT = YES;
			};
			name = Release;
		};
		266A88991BED6E6E000679E4 /* Debug */ = {
			isa = XCBuildConfiguration;
			buildSettings = {
				ASSETCATALOG_COMPILER_APPICON_NAME = AppIcon;
				INFOPLIST_FILE = CoreDataList/Info.plist;
				LD_RUNPATH_SEARCH_PATHS = "$(inherited) @executable_path/Frameworks";
				PRODUCT_BUNDLE_IDENTIFIER = KaL.CoreDataList;
				PRODUCT_NAME = "$(TARGET_NAME)";
			};
			name = Debug;
		};
		266A889A1BED6E6E000679E4 /* Release */ = {
			isa = XCBuildConfiguration;
			buildSettings = {
				ASSETCATALOG_COMPILER_APPICON_NAME = AppIcon;
				INFOPLIST_FILE = CoreDataList/Info.plist;
				LD_RUNPATH_SEARCH_PATHS = "$(inherited) @executable_path/Frameworks";
				PRODUCT_BUNDLE_IDENTIFIER = KaL.CoreDataList;
				PRODUCT_NAME = "$(TARGET_NAME)";
			};
			name = Release;
		};
		266A889C1BED6E6E000679E4 /* Debug */ = {
			isa = XCBuildConfiguration;
			buildSettings = {
				BUNDLE_LOADER = "$(TEST_HOST)";
				INFOPLIST_FILE = CoreDataListTests/Info.plist;
				LD_RUNPATH_SEARCH_PATHS = "$(inherited) @executable_path/Frameworks @loader_path/Frameworks";
				PRODUCT_BUNDLE_IDENTIFIER = KaL.CoreDataListTests;
				PRODUCT_NAME = "$(TARGET_NAME)";
				TEST_HOST = "$(BUILT_PRODUCTS_DIR)/CoreDataList.app/CoreDataList";
			};
			name = Debug;
		};
		266A889D1BED6E6E000679E4 /* Release */ = {
			isa = XCBuildConfiguration;
			buildSettings = {
				BUNDLE_LOADER = "$(TEST_HOST)";
				INFOPLIST_FILE = CoreDataListTests/Info.plist;
				LD_RUNPATH_SEARCH_PATHS = "$(inherited) @executable_path/Frameworks @loader_path/Frameworks";
				PRODUCT_BUNDLE_IDENTIFIER = KaL.CoreDataListTests;
				PRODUCT_NAME = "$(TARGET_NAME)";
				TEST_HOST = "$(BUILT_PRODUCTS_DIR)/CoreDataList.app/CoreDataList";
			};
			name = Release;
		};
		266A889F1BED6E6E000679E4 /* Debug */ = {
			isa = XCBuildConfiguration;
			buildSettings = {
				INFOPLIST_FILE = CoreDataListUITests/Info.plist;
				LD_RUNPATH_SEARCH_PATHS = "$(inherited) @executable_path/Frameworks @loader_path/Frameworks";
				PRODUCT_BUNDLE_IDENTIFIER = KaL.CoreDataListUITests;
				PRODUCT_NAME = "$(TARGET_NAME)";
				TEST_TARGET_NAME = CoreDataList;
				USES_XCTRUNNER = YES;
			};
			name = Debug;
		};
		266A88A01BED6E6E000679E4 /* Release */ = {
			isa = XCBuildConfiguration;
			buildSettings = {
				INFOPLIST_FILE = CoreDataListUITests/Info.plist;
				LD_RUNPATH_SEARCH_PATHS = "$(inherited) @executable_path/Frameworks @loader_path/Frameworks";
				PRODUCT_BUNDLE_IDENTIFIER = KaL.CoreDataListUITests;
				PRODUCT_NAME = "$(TARGET_NAME)";
				TEST_TARGET_NAME = CoreDataList;
				USES_XCTRUNNER = YES;
			};
			name = Release;
		};
/* End XCBuildConfiguration section */

/* Begin XCConfigurationList section */
		266A88681BED6E6D000679E4 /* Build configuration list for PBXProject "CoreDataList" */ = {
			isa = XCConfigurationList;
			buildConfigurations = (
				266A88961BED6E6E000679E4 /* Debug */,
				266A88971BED6E6E000679E4 /* Release */,
			);
			defaultConfigurationIsVisible = 0;
			defaultConfigurationName = Release;
		};
		266A88981BED6E6E000679E4 /* Build configuration list for PBXNativeTarget "CoreDataList" */ = {
			isa = XCConfigurationList;
			buildConfigurations = (
				266A88991BED6E6E000679E4 /* Debug */,
				266A889A1BED6E6E000679E4 /* Release */,
			);
			defaultConfigurationIsVisible = 0;
		};
		266A889B1BED6E6E000679E4 /* Build configuration list for PBXNativeTarget "CoreDataListTests" */ = {
			isa = XCConfigurationList;
			buildConfigurations = (
				266A889C1BED6E6E000679E4 /* Debug */,
				266A889D1BED6E6E000679E4 /* Release */,
			);
			defaultConfigurationIsVisible = 0;
		};
		266A889E1BED6E6E000679E4 /* Build configuration list for PBXNativeTarget "CoreDataListUITests" */ = {
			isa = XCConfigurationList;
			buildConfigurations = (
				266A889F1BED6E6E000679E4 /* Debug */,
				266A88A01BED6E6E000679E4 /* Release */,
			);
			defaultConfigurationIsVisible = 0;
		};
/* End XCConfigurationList section */

/* Begin XCVersionGroup section */
		266A88771BED6E6E000679E4 /* CoreDataList.xcdatamodeld */ = {
			isa = XCVersionGroup;
			children = (
				266A88781BED6E6E000679E4 /* CoreDataList.xcdatamodel */,
			);
			currentVersion = 266A88781BED6E6E000679E4 /* CoreDataList.xcdatamodel */;
			path = CoreDataList.xcdatamodeld;
			sourceTree = "<group>";
			versionGroupType = wrapper.xcdatamodel;
		};
/* End XCVersionGroup section */
	};
	rootObject = 266A88651BED6E6D000679E4 /* Project object */;
}
