// !$*UTF8*$!
{
	archiveVersion = 1;
	classes = {
	};
	objectVersion = 46;
	objects = {

/* Begin PBXBuildFile section */
		26D0C36119D4519B009D6163 /* AppDelegate.swift in Sources */ = {isa = PBXBuildFile; fileRef = 26D0C36019D4519B009D6163 /* AppDelegate.swift */; };
		26D0C36619D4519B009D6163 /* Main.storyboard in Resources */ = {isa = PBXBuildFile; fileRef = 26D0C36419D4519B009D6163 /* Main.storyboard */; };
		26D0C36819D4519B009D6163 /* Images.xcassets in Resources */ = {isa = PBXBuildFile; fileRef = 26D0C36719D4519B009D6163 /* Images.xcassets */; };
		26D0C36B19D4519B009D6163 /* LaunchScreen.xib in Resources */ = {isa = PBXBuildFile; fileRef = 26D0C36919D4519B009D6163 /* LaunchScreen.xib */; };
		26D0C37719D4519B009D6163 /* Take_My_MoneyTests.swift in Sources */ = {isa = PBXBuildFile; fileRef = 26D0C37619D4519B009D6163 /* Take_My_MoneyTests.swift */; };
		26D0C38119D45288009D6163 /* TableViewController.swift in Sources */ = {isa = PBXBuildFile; fileRef = 26D0C38019D45288009D6163 /* TableViewController.swift */; };
		26D0C38319D452D7009D6163 /* TableViewCell.swift in Sources */ = {isa = PBXBuildFile; fileRef = 26D0C38219D452D7009D6163 /* TableViewCell.swift */; };
/* End PBXBuildFile section */

/* Begin PBXContainerItemProxy section */
		26D0C37119D4519B009D6163 /* PBXContainerItemProxy */ = {
			isa = PBXContainerItemProxy;
			containerPortal = 26D0C35319D4519B009D6163 /* Project object */;
			proxyType = 1;
			remoteGlobalIDString = 26D0C35A19D4519B009D6163;
			remoteInfo = "Take My Money";
		};
/* End PBXContainerItemProxy section */

/* Begin PBXFileReference section */
		26D0C35B19D4519B009D6163 /* Take My Money.app */ = {isa = PBXFileReference; explicitFileType = wrapper.application; includeInIndex = 0; path = "Take My Money.app"; sourceTree = BUILT_PRODUCTS_DIR; };
		26D0C35F19D4519B009D6163 /* Info.plist */ = {isa = PBXFileReference; lastKnownFileType = text.plist.xml; path = Info.plist; sourceTree = "<group>"; };
		26D0C36019D4519B009D6163 /* AppDelegate.swift */ = {isa = PBXFileReference; lastKnownFileType = sourcecode.swift; path = AppDelegate.swift; sourceTree = "<group>"; };
		26D0C36519D4519B009D6163 /* Base */ = {isa = PBXFileReference; lastKnownFileType = file.storyboard; name = Base; path = Base.lproj/Main.storyboard; sourceTree = "<group>"; };
		26D0C36719D4519B009D6163 /* Images.xcassets */ = {isa = PBXFileReference; lastKnownFileType = folder.assetcatalog; path = Images.xcassets; sourceTree = "<group>"; };
		26D0C36A19D4519B009D6163 /* Base */ = {isa = PBXFileReference; lastKnownFileType = file.xib; name = Base; path = Base.lproj/LaunchScreen.xib; sourceTree = "<group>"; };
		26D0C37019D4519B009D6163 /* Take My MoneyTests.xctest */ = {isa = PBXFileReference; explicitFileType = wrapper.cfbundle; includeInIndex = 0; path = "Take My MoneyTests.xctest"; sourceTree = BUILT_PRODUCTS_DIR; };
		26D0C37519D4519B009D6163 /* Info.plist */ = {isa = PBXFileReference; lastKnownFileType = text.plist.xml; path = Info.plist; sourceTree = "<group>"; };
		26D0C37619D4519B009D6163 /* Take_My_MoneyTests.swift */ = {isa = PBXFileReference; lastKnownFileType = sourcecode.swift; path = Take_My_MoneyTests.swift; sourceTree = "<group>"; };
		26D0C38019D45288009D6163 /* TableViewController.swift */ = {isa = PBXFileReference; fileEncoding = 4; lastKnownFileType = sourcecode.swift; path = TableViewController.swift; sourceTree = "<group>"; };
		26D0C38219D452D7009D6163 /* TableViewCell.swift */ = {isa = PBXFileReference; fileEncoding = 4; lastKnownFileType = sourcecode.swift; path = TableViewCell.swift; sourceTree = "<group>"; };
/* End PBXFileReference section */

/* Begin PBXFrameworksBuildPhase section */
		26D0C35819D4519B009D6163 /* Frameworks */ = {
			isa = PBXFrameworksBuildPhase;
			buildActionMask = 2147483647;
			files = (
			);
			runOnlyForDeploymentPostprocessing = 0;
		};
		26D0C36D19D4519B009D6163 /* Frameworks */ = {
			isa = PBXFrameworksBuildPhase;
			buildActionMask = 2147483647;
			files = (
			);
			runOnlyForDeploymentPostprocessing = 0;
		};
/* End PBXFrameworksBuildPhase section */

/* Begin PBXGroup section */
		26D0C35219D4519B009D6163 = {
			isa = PBXGroup;
			children = (
				26D0C35D19D4519B009D6163 /* Take My Money */,
				26D0C37319D4519B009D6163 /* Take My MoneyTests */,
				26D0C35C19D4519B009D6163 /* Products */,
			);
			sourceTree = "<group>";
		};
		26D0C35C19D4519B009D6163 /* Products */ = {
			isa = PBXGroup;
			children = (
				26D0C35B19D4519B009D6163 /* Take My Money.app */,
				26D0C37019D4519B009D6163 /* Take My MoneyTests.xctest */,
			);
			name = Products;
			sourceTree = "<group>";
		};
		26D0C35D19D4519B009D6163 /* Take My Money */ = {
			isa = PBXGroup;
			children = (
				26D0C36019D4519B009D6163 /* AppDelegate.swift */,
				26D0C36419D4519B009D6163 /* Main.storyboard */,
				26D0C36719D4519B009D6163 /* Images.xcassets */,
				26D0C36919D4519B009D6163 /* LaunchScreen.xib */,
				26D0C35E19D4519B009D6163 /* Supporting Files */,
				26D0C38019D45288009D6163 /* TableViewController.swift */,
				26D0C38219D452D7009D6163 /* TableViewCell.swift */,
			);
			path = "Take My Money";
			sourceTree = "<group>";
		};
		26D0C35E19D4519B009D6163 /* Supporting Files */ = {
			isa = PBXGroup;
			children = (
				26D0C35F19D4519B009D6163 /* Info.plist */,
			);
			name = "Supporting Files";
			sourceTree = "<group>";
		};
		26D0C37319D4519B009D6163 /* Take My MoneyTests */ = {
			isa = PBXGroup;
			children = (
				26D0C37619D4519B009D6163 /* Take_My_MoneyTests.swift */,
				26D0C37419D4519B009D6163 /* Supporting Files */,
			);
			path = "Take My MoneyTests";
			sourceTree = "<group>";
		};
		26D0C37419D4519B009D6163 /* Supporting Files */ = {
			isa = PBXGroup;
			children = (
				26D0C37519D4519B009D6163 /* Info.plist */,
			);
			name = "Supporting Files";
			sourceTree = "<group>";
		};
/* End PBXGroup section */

/* Begin PBXNativeTarget section */
		26D0C35A19D4519B009D6163 /* Take My Money */ = {
			isa = PBXNativeTarget;
			buildConfigurationList = 26D0C37A19D4519B009D6163 /* Build configuration list for PBXNativeTarget "Take My Money" */;
			buildPhases = (
				26D0C35719D4519B009D6163 /* Sources */,
				26D0C35819D4519B009D6163 /* Frameworks */,
				26D0C35919D4519B009D6163 /* Resources */,
			);
			buildRules = (
			);
			dependencies = (
			);
			name = "Take My Money";
			productName = "Take My Money";
			productReference = 26D0C35B19D4519B009D6163 /* Take My Money.app */;
			productType = "com.apple.product-type.application";
		};
		26D0C36F19D4519B009D6163 /* Take My MoneyTests */ = {
			isa = PBXNativeTarget;
			buildConfigurationList = 26D0C37D19D4519B009D6163 /* Build configuration list for PBXNativeTarget "Take My MoneyTests" */;
			buildPhases = (
				26D0C36C19D4519B009D6163 /* Sources */,
				26D0C36D19D4519B009D6163 /* Frameworks */,
				26D0C36E19D4519B009D6163 /* Resources */,
			);
			buildRules = (
			);
			dependencies = (
				26D0C37219D4519B009D6163 /* PBXTargetDependency */,
			);
			name = "Take My MoneyTests";
			productName = "Take My MoneyTests";
			productReference = 26D0C37019D4519B009D6163 /* Take My MoneyTests.xctest */;
			productType = "com.apple.product-type.bundle.unit-test";
		};
/* End PBXNativeTarget section */

/* Begin PBXProject section */
		26D0C35319D4519B009D6163 /* Project object */ = {
			isa = PBXProject;
			attributes = {
				LastUpgradeCheck = 0600;
				ORGANIZATIONNAME = "Kalson Kalu";
				TargetAttributes = {
					26D0C35A19D4519B009D6163 = {
						CreatedOnToolsVersion = 6.0.1;
					};
					26D0C36F19D4519B009D6163 = {
						CreatedOnToolsVersion = 6.0.1;
						TestTargetID = 26D0C35A19D4519B009D6163;
					};
				};
			};
			buildConfigurationList = 26D0C35619D4519B009D6163 /* Build configuration list for PBXProject "Take My Money" */;
			compatibilityVersion = "Xcode 3.2";
			developmentRegion = English;
			hasScannedForEncodings = 0;
			knownRegions = (
				en,
				Base,
			);
			mainGroup = 26D0C35219D4519B009D6163;
			productRefGroup = 26D0C35C19D4519B009D6163 /* Products */;
			projectDirPath = "";
			projectRoot = "";
			targets = (
				26D0C35A19D4519B009D6163 /* Take My Money */,
				26D0C36F19D4519B009D6163 /* Take My MoneyTests */,
			);
		};
/* End PBXProject section */

/* Begin PBXResourcesBuildPhase section */
		26D0C35919D4519B009D6163 /* Resources */ = {
			isa = PBXResourcesBuildPhase;
			buildActionMask = 2147483647;
			files = (
				26D0C36619D4519B009D6163 /* Main.storyboard in Resources */,
				26D0C36B19D4519B009D6163 /* LaunchScreen.xib in Resources */,
				26D0C36819D4519B009D6163 /* Images.xcassets in Resources */,
			);
			runOnlyForDeploymentPostprocessing = 0;
		};
		26D0C36E19D4519B009D6163 /* Resources */ = {
			isa = PBXResourcesBuildPhase;
			buildActionMask = 2147483647;
			files = (
			);
			runOnlyForDeploymentPostprocessing = 0;
		};
/* End PBXResourcesBuildPhase section */

/* Begin PBXSourcesBuildPhase section */
		26D0C35719D4519B009D6163 /* Sources */ = {
			isa = PBXSourcesBuildPhase;
			buildActionMask = 2147483647;
			files = (
				26D0C38319D452D7009D6163 /* TableViewCell.swift in Sources */,
				26D0C36119D4519B009D6163 /* AppDelegate.swift in Sources */,
				26D0C38119D45288009D6163 /* TableViewController.swift in Sources */,
			);
			runOnlyForDeploymentPostprocessing = 0;
		};
		26D0C36C19D4519B009D6163 /* Sources */ = {
			isa = PBXSourcesBuildPhase;
			buildActionMask = 2147483647;
			files = (
				26D0C37719D4519B009D6163 /* Take_My_MoneyTests.swift in Sources */,
			);
			runOnlyForDeploymentPostprocessing = 0;
		};
/* End PBXSourcesBuildPhase section */

/* Begin PBXTargetDependency section */
		26D0C37219D4519B009D6163 /* PBXTargetDependency */ = {
			isa = PBXTargetDependency;
			target = 26D0C35A19D4519B009D6163 /* Take My Money */;
			targetProxy = 26D0C37119D4519B009D6163 /* PBXContainerItemProxy */;
		};
/* End PBXTargetDependency section */

/* Begin PBXVariantGroup section */
		26D0C36419D4519B009D6163 /* Main.storyboard */ = {
			isa = PBXVariantGroup;
			children = (
				26D0C36519D4519B009D6163 /* Base */,
			);
			name = Main.storyboard;
			sourceTree = "<group>";
		};
		26D0C36919D4519B009D6163 /* LaunchScreen.xib */ = {
			isa = PBXVariantGroup;
			children = (
				26D0C36A19D4519B009D6163 /* Base */,
			);
			name = LaunchScreen.xib;
			sourceTree = "<group>";
		};
/* End PBXVariantGroup section */

/* Begin XCBuildConfiguration section */
		26D0C37819D4519B009D6163 /* Debug */ = {
			isa = XCBuildConfiguration;
			buildSettings = {
				ALWAYS_SEARCH_USER_PATHS = NO;
				CLANG_CXX_LANGUAGE_STANDARD = "gnu++0x";
				CLANG_CXX_LIBRARY = "libc++";
				CLANG_ENABLE_MODULES = YES;
				CLANG_ENABLE_OBJC_ARC = YES;
				CLANG_WARN_BOOL_CONVERSION = YES;
				CLANG_WARN_CONSTANT_CONVERSION = YES;
				CLANG_WARN_DIRECT_OBJC_ISA_USAGE = YES_ERROR;
				CLANG_WARN_EMPTY_BODY = YES;
				CLANG_WARN_ENUM_CONVERSION = YES;
				CLANG_WARN_INT_CONVERSION = YES;
				CLANG_WARN_OBJC_ROOT_CLASS = YES_ERROR;
				CLANG_WARN_UNREACHABLE_CODE = YES;
				CLANG_WARN__DUPLICATE_METHOD_MATCH = YES;
				"CODE_SIGN_IDENTITY[sdk=iphoneos*]" = "iPhone Developer";
				COPY_PHASE_STRIP = NO;
				ENABLE_STRICT_OBJC_MSGSEND = YES;
				GCC_C_LANGUAGE_STANDARD = gnu99;
				GCC_DYNAMIC_NO_PIC = NO;
				GCC_OPTIMIZATION_LEVEL = 0;
				GCC_PREPROCESSOR_DEFINITIONS = (
					"DEBUG=1",
					"$(inherited)",
				);
				GCC_SYMBOLS_PRIVATE_EXTERN = NO;
				GCC_WARN_64_TO_32_BIT_CONVERSION = YES;
				GCC_WARN_ABOUT_RETURN_TYPE = YES_ERROR;
				GCC_WARN_UNDECLARED_SELECTOR = YES;
				GCC_WARN_UNINITIALIZED_AUTOS = YES_AGGRESSIVE;
				GCC_WARN_UNUSED_FUNCTION = YES;
				GCC_WARN_UNUSED_VARIABLE = YES;
				IPHONEOS_DEPLOYMENT_TARGET = 8.0;
				MTL_ENABLE_DEBUG_INFO = YES;
				ONLY_ACTIVE_ARCH = YES;
				SDKROOT = iphoneos;
				SWIFT_OPTIMIZATION_LEVEL = "-Onone";
			};
			name = Debug;
		};
		26D0C37919D4519B009D6163 /* Release */ = {
			isa = XCBuildConfiguration;
			buildSettings = {
				ALWAYS_SEARCH_USER_PATHS = NO;
				CLANG_CXX_LANGUAGE_STANDARD = "gnu++0x";
				CLANG_CXX_LIBRARY = "libc++";
				CLANG_ENABLE_MODULES = YES;
				CLANG_ENABLE_OBJC_ARC = YES;
				CLANG_WARN_BOOL_CONVERSION = YES;
				CLANG_WARN_CONSTANT_CONVERSION = YES;
				CLANG_WARN_DIRECT_OBJC_ISA_USAGE = YES_ERROR;
				CLANG_WARN_EMPTY_BODY = YES;
				CLANG_WARN_ENUM_CONVERSION = YES;
				CLANG_WARN_INT_CONVERSION = YES;
				CLANG_WARN_OBJC_ROOT_CLASS = YES_ERROR;
				CLANG_WARN_UNREACHABLE_CODE = YES;
				CLANG_WARN__DUPLICATE_METHOD_MATCH = YES;
				"CODE_SIGN_IDENTITY[sdk=iphoneos*]" = "iPhone Developer";
				COPY_PHASE_STRIP = YES;
				ENABLE_NS_ASSERTIONS = NO;
				ENABLE_STRICT_OBJC_MSGSEND = YES;
				GCC_C_LANGUAGE_STANDARD = gnu99;
				GCC_WARN_64_TO_32_BIT_CONVERSION = YES;
				GCC_WARN_ABOUT_RETURN_TYPE = YES_ERROR;
				GCC_WARN_UNDECLARED_SELECTOR = YES;
				GCC_WARN_UNINITIALIZED_AUTOS = YES_AGGRESSIVE;
				GCC_WARN_UNUSED_FUNCTION = YES;
				GCC_WARN_UNUSED_VARIABLE = YES;
				IPHONEOS_DEPLOYMENT_TARGET = 8.0;
				MTL_ENABLE_DEBUG_INFO = NO;
				SDKROOT = iphoneos;
				VALIDATE_PRODUCT = YES;
			};
			name = Release;
		};
		26D0C37B19D4519B009D6163 /* Debug */ = {
			isa = XCBuildConfiguration;
			buildSettings = {
				ASSETCATALOG_COMPILER_APPICON_NAME = AppIcon;
				INFOPLIST_FILE = "Take My Money/Info.plist";
				LD_RUNPATH_SEARCH_PATHS = "$(inherited) @executable_path/Frameworks";
				PRODUCT_NAME = "$(TARGET_NAME)";
			};
			name = Debug;
		};
		26D0C37C19D4519B009D6163 /* Release */ = {
			isa = XCBuildConfiguration;
			buildSettings = {
				ASSETCATALOG_COMPILER_APPICON_NAME = AppIcon;
				INFOPLIST_FILE = "Take My Money/Info.plist";
				LD_RUNPATH_SEARCH_PATHS = "$(inherited) @executable_path/Frameworks";
				PRODUCT_NAME = "$(TARGET_NAME)";
			};
			name = Release;
		};
		26D0C37E19D4519B009D6163 /* Debug */ = {
			isa = XCBuildConfiguration;
			buildSettings = {
				BUNDLE_LOADER = "$(TEST_HOST)";
				FRAMEWORK_SEARCH_PATHS = (
					"$(SDKROOT)/Developer/Library/Frameworks",
					"$(inherited)",
				);
				GCC_PREPROCESSOR_DEFINITIONS = (
					"DEBUG=1",
					"$(inherited)",
				);
				INFOPLIST_FILE = "Take My MoneyTests/Info.plist";
				LD_RUNPATH_SEARCH_PATHS = "$(inherited) @executable_path/Frameworks @loader_path/Frameworks";
				PRODUCT_NAME = "$(TARGET_NAME)";
				TEST_HOST = "$(BUILT_PRODUCTS_DIR)/Take My Money.app/Take My Money";
			};
			name = Debug;
		};
		26D0C37F19D4519B009D6163 /* Release */ = {
			isa = XCBuildConfiguration;
			buildSettings = {
				BUNDLE_LOADER = "$(TEST_HOST)";
				FRAMEWORK_SEARCH_PATHS = (
					"$(SDKROOT)/Developer/Library/Frameworks",
					"$(inherited)",
				);
				INFOPLIST_FILE = "Take My MoneyTests/Info.plist";
				LD_RUNPATH_SEARCH_PATHS = "$(inherited) @executable_path/Frameworks @loader_path/Frameworks";
				PRODUCT_NAME = "$(TARGET_NAME)";
				TEST_HOST = "$(BUILT_PRODUCTS_DIR)/Take My Money.app/Take My Money";
			};
			name = Release;
		};
/* End XCBuildConfiguration section */

/* Begin XCConfigurationList section */
		26D0C35619D4519B009D6163 /* Build configuration list for PBXProject "Take My Money" */ = {
			isa = XCConfigurationList;
			buildConfigurations = (
				26D0C37819D4519B009D6163 /* Debug */,
				26D0C37919D4519B009D6163 /* Release */,
			);
			defaultConfigurationIsVisible = 0;
			defaultConfigurationName = Release;
		};
		26D0C37A19D4519B009D6163 /* Build configuration list for PBXNativeTarget "Take My Money" */ = {
			isa = XCConfigurationList;
			buildConfigurations = (
				26D0C37B19D4519B009D6163 /* Debug */,
				26D0C37C19D4519B009D6163 /* Release */,
			);
			defaultConfigurationIsVisible = 0;
		};
		26D0C37D19D4519B009D6163 /* Build configuration list for PBXNativeTarget "Take My MoneyTests" */ = {
			isa = XCConfigurationList;
			buildConfigurations = (
				26D0C37E19D4519B009D6163 /* Debug */,
				26D0C37F19D4519B009D6163 /* Release */,
			);
			defaultConfigurationIsVisible = 0;
		};
/* End XCConfigurationList section */
	};
	rootObject = 26D0C35319D4519B009D6163 /* Project object */;
}
