// !$*UTF8*$!
{
	archiveVersion = 1;
	classes = {
	};
	objectVersion = 46;
	objects = {

/* Begin PBXBuildFile section */
		26D91D5F19CB1CFC00A8FEC1 /* AppDelegate.swift in Sources */ = {isa = PBXBuildFile; fileRef = 26D91D5E19CB1CFC00A8FEC1 /* AppDelegate.swift */; };
		26D91D6119CB1CFC00A8FEC1 /* ViewController.swift in Sources */ = {isa = PBXBuildFile; fileRef = 26D91D6019CB1CFC00A8FEC1 /* ViewController.swift */; };
		26D91D6419CB1CFC00A8FEC1 /* Main.storyboard in Resources */ = {isa = PBXBuildFile; fileRef = 26D91D6219CB1CFC00A8FEC1 /* Main.storyboard */; };
		26D91D6619CB1CFC00A8FEC1 /* Images.xcassets in Resources */ = {isa = PBXBuildFile; fileRef = 26D91D6519CB1CFC00A8FEC1 /* Images.xcassets */; };
		26D91D6919CB1CFC00A8FEC1 /* LaunchScreen.xib in Resources */ = {isa = PBXBuildFile; fileRef = 26D91D6719CB1CFC00A8FEC1 /* LaunchScreen.xib */; };
		26D91D7519CB1CFC00A8FEC1 /* Re_ActionTests.swift in Sources */ = {isa = PBXBuildFile; fileRef = 26D91D7419CB1CFC00A8FEC1 /* Re_ActionTests.swift */; };
/* End PBXBuildFile section */

/* Begin PBXContainerItemProxy section */
		26D91D6F19CB1CFC00A8FEC1 /* PBXContainerItemProxy */ = {
			isa = PBXContainerItemProxy;
			containerPortal = 26D91D5119CB1CFC00A8FEC1 /* Project object */;
			proxyType = 1;
			remoteGlobalIDString = 26D91D5819CB1CFC00A8FEC1;
			remoteInfo = Re.Action;
		};
/* End PBXContainerItemProxy section */

/* Begin PBXFileReference section */
		26D91D5919CB1CFC00A8FEC1 /* Re.Action.app */ = {isa = PBXFileReference; explicitFileType = wrapper.application; includeInIndex = 0; path = Re.Action.app; sourceTree = BUILT_PRODUCTS_DIR; };
		26D91D5D19CB1CFC00A8FEC1 /* Info.plist */ = {isa = PBXFileReference; lastKnownFileType = text.plist.xml; path = Info.plist; sourceTree = "<group>"; };
		26D91D5E19CB1CFC00A8FEC1 /* AppDelegate.swift */ = {isa = PBXFileReference; lastKnownFileType = sourcecode.swift; path = AppDelegate.swift; sourceTree = "<group>"; };
		26D91D6019CB1CFC00A8FEC1 /* ViewController.swift */ = {isa = PBXFileReference; lastKnownFileType = sourcecode.swift; path = ViewController.swift; sourceTree = "<group>"; };
		26D91D6319CB1CFC00A8FEC1 /* Base */ = {isa = PBXFileReference; lastKnownFileType = file.storyboard; name = Base; path = Base.lproj/Main.storyboard; sourceTree = "<group>"; };
		26D91D6519CB1CFC00A8FEC1 /* Images.xcassets */ = {isa = PBXFileReference; lastKnownFileType = folder.assetcatalog; path = Images.xcassets; sourceTree = "<group>"; };
		26D91D6819CB1CFC00A8FEC1 /* Base */ = {isa = PBXFileReference; lastKnownFileType = file.xib; name = Base; path = Base.lproj/LaunchScreen.xib; sourceTree = "<group>"; };
		26D91D6E19CB1CFC00A8FEC1 /* Re.ActionTests.xctest */ = {isa = PBXFileReference; explicitFileType = wrapper.cfbundle; includeInIndex = 0; path = Re.ActionTests.xctest; sourceTree = BUILT_PRODUCTS_DIR; };
		26D91D7319CB1CFC00A8FEC1 /* Info.plist */ = {isa = PBXFileReference; lastKnownFileType = text.plist.xml; path = Info.plist; sourceTree = "<group>"; };
		26D91D7419CB1CFC00A8FEC1 /* Re_ActionTests.swift */ = {isa = PBXFileReference; lastKnownFileType = sourcecode.swift; path = Re_ActionTests.swift; sourceTree = "<group>"; };
/* End PBXFileReference section */

/* Begin PBXFrameworksBuildPhase section */
		26D91D5619CB1CFC00A8FEC1 /* Frameworks */ = {
			isa = PBXFrameworksBuildPhase;
			buildActionMask = 2147483647;
			files = (
			);
			runOnlyForDeploymentPostprocessing = 0;
		};
		26D91D6B19CB1CFC00A8FEC1 /* Frameworks */ = {
			isa = PBXFrameworksBuildPhase;
			buildActionMask = 2147483647;
			files = (
			);
			runOnlyForDeploymentPostprocessing = 0;
		};
/* End PBXFrameworksBuildPhase section */

/* Begin PBXGroup section */
		26D91D5019CB1CFC00A8FEC1 = {
			isa = PBXGroup;
			children = (
				26D91D5B19CB1CFC00A8FEC1 /* Re.Action */,
				26D91D7119CB1CFC00A8FEC1 /* Re.ActionTests */,
				26D91D5A19CB1CFC00A8FEC1 /* Products */,
			);
			sourceTree = "<group>";
		};
		26D91D5A19CB1CFC00A8FEC1 /* Products */ = {
			isa = PBXGroup;
			children = (
				26D91D5919CB1CFC00A8FEC1 /* Re.Action.app */,
				26D91D6E19CB1CFC00A8FEC1 /* Re.ActionTests.xctest */,
			);
			name = Products;
			sourceTree = "<group>";
		};
		26D91D5B19CB1CFC00A8FEC1 /* Re.Action */ = {
			isa = PBXGroup;
			children = (
				26D91D5E19CB1CFC00A8FEC1 /* AppDelegate.swift */,
				26D91D6019CB1CFC00A8FEC1 /* ViewController.swift */,
				26D91D6219CB1CFC00A8FEC1 /* Main.storyboard */,
				26D91D6519CB1CFC00A8FEC1 /* Images.xcassets */,
				26D91D6719CB1CFC00A8FEC1 /* LaunchScreen.xib */,
				26D91D5C19CB1CFC00A8FEC1 /* Supporting Files */,
			);
			path = Re.Action;
			sourceTree = "<group>";
		};
		26D91D5C19CB1CFC00A8FEC1 /* Supporting Files */ = {
			isa = PBXGroup;
			children = (
				26D91D5D19CB1CFC00A8FEC1 /* Info.plist */,
			);
			name = "Supporting Files";
			sourceTree = "<group>";
		};
		26D91D7119CB1CFC00A8FEC1 /* Re.ActionTests */ = {
			isa = PBXGroup;
			children = (
				26D91D7419CB1CFC00A8FEC1 /* Re_ActionTests.swift */,
				26D91D7219CB1CFC00A8FEC1 /* Supporting Files */,
			);
			path = Re.ActionTests;
			sourceTree = "<group>";
		};
		26D91D7219CB1CFC00A8FEC1 /* Supporting Files */ = {
			isa = PBXGroup;
			children = (
				26D91D7319CB1CFC00A8FEC1 /* Info.plist */,
			);
			name = "Supporting Files";
			sourceTree = "<group>";
		};
/* End PBXGroup section */

/* Begin PBXNativeTarget section */
		26D91D5819CB1CFC00A8FEC1 /* Re.Action */ = {
			isa = PBXNativeTarget;
			buildConfigurationList = 26D91D7819CB1CFC00A8FEC1 /* Build configuration list for PBXNativeTarget "Re.Action" */;
			buildPhases = (
				26D91D5519CB1CFC00A8FEC1 /* Sources */,
				26D91D5619CB1CFC00A8FEC1 /* Frameworks */,
				26D91D5719CB1CFC00A8FEC1 /* Resources */,
			);
			buildRules = (
			);
			dependencies = (
			);
			name = Re.Action;
			productName = Re.Action;
			productReference = 26D91D5919CB1CFC00A8FEC1 /* Re.Action.app */;
			productType = "com.apple.product-type.application";
		};
		26D91D6D19CB1CFC00A8FEC1 /* Re.ActionTests */ = {
			isa = PBXNativeTarget;
			buildConfigurationList = 26D91D7B19CB1CFC00A8FEC1 /* Build configuration list for PBXNativeTarget "Re.ActionTests" */;
			buildPhases = (
				26D91D6A19CB1CFC00A8FEC1 /* Sources */,
				26D91D6B19CB1CFC00A8FEC1 /* Frameworks */,
				26D91D6C19CB1CFC00A8FEC1 /* Resources */,
			);
			buildRules = (
			);
			dependencies = (
				26D91D7019CB1CFC00A8FEC1 /* PBXTargetDependency */,
			);
			name = Re.ActionTests;
			productName = Re.ActionTests;
			productReference = 26D91D6E19CB1CFC00A8FEC1 /* Re.ActionTests.xctest */;
			productType = "com.apple.product-type.bundle.unit-test";
		};
/* End PBXNativeTarget section */

/* Begin PBXProject section */
		26D91D5119CB1CFC00A8FEC1 /* Project object */ = {
			isa = PBXProject;
			attributes = {
				LastUpgradeCheck = 0600;
				ORGANIZATIONNAME = "Kalson Kalu";
				TargetAttributes = {
					26D91D5819CB1CFC00A8FEC1 = {
						CreatedOnToolsVersion = 6.0.1;
						DevelopmentTeam = CT9B77H7BM;
					};
					26D91D6D19CB1CFC00A8FEC1 = {
						CreatedOnToolsVersion = 6.0.1;
						TestTargetID = 26D91D5819CB1CFC00A8FEC1;
					};
				};
			};
			buildConfigurationList = 26D91D5419CB1CFC00A8FEC1 /* Build configuration list for PBXProject "Re.Action" */;
			compatibilityVersion = "Xcode 3.2";
			developmentRegion = English;
			hasScannedForEncodings = 0;
			knownRegions = (
				en,
				Base,
			);
			mainGroup = 26D91D5019CB1CFC00A8FEC1;
			productRefGroup = 26D91D5A19CB1CFC00A8FEC1 /* Products */;
			projectDirPath = "";
			projectRoot = "";
			targets = (
				26D91D5819CB1CFC00A8FEC1 /* Re.Action */,
				26D91D6D19CB1CFC00A8FEC1 /* Re.ActionTests */,
			);
		};
/* End PBXProject section */

/* Begin PBXResourcesBuildPhase section */
		26D91D5719CB1CFC00A8FEC1 /* Resources */ = {
			isa = PBXResourcesBuildPhase;
			buildActionMask = 2147483647;
			files = (
				26D91D6419CB1CFC00A8FEC1 /* Main.storyboard in Resources */,
				26D91D6919CB1CFC00A8FEC1 /* LaunchScreen.xib in Resources */,
				26D91D6619CB1CFC00A8FEC1 /* Images.xcassets in Resources */,
			);
			runOnlyForDeploymentPostprocessing = 0;
		};
		26D91D6C19CB1CFC00A8FEC1 /* Resources */ = {
			isa = PBXResourcesBuildPhase;
			buildActionMask = 2147483647;
			files = (
			);
			runOnlyForDeploymentPostprocessing = 0;
		};
/* End PBXResourcesBuildPhase section */

/* Begin PBXSourcesBuildPhase section */
		26D91D5519CB1CFC00A8FEC1 /* Sources */ = {
			isa = PBXSourcesBuildPhase;
			buildActionMask = 2147483647;
			files = (
				26D91D6119CB1CFC00A8FEC1 /* ViewController.swift in Sources */,
				26D91D5F19CB1CFC00A8FEC1 /* AppDelegate.swift in Sources */,
			);
			runOnlyForDeploymentPostprocessing = 0;
		};
		26D91D6A19CB1CFC00A8FEC1 /* Sources */ = {
			isa = PBXSourcesBuildPhase;
			buildActionMask = 2147483647;
			files = (
				26D91D7519CB1CFC00A8FEC1 /* Re_ActionTests.swift in Sources */,
			);
			runOnlyForDeploymentPostprocessing = 0;
		};
/* End PBXSourcesBuildPhase section */

/* Begin PBXTargetDependency section */
		26D91D7019CB1CFC00A8FEC1 /* PBXTargetDependency */ = {
			isa = PBXTargetDependency;
			target = 26D91D5819CB1CFC00A8FEC1 /* Re.Action */;
			targetProxy = 26D91D6F19CB1CFC00A8FEC1 /* PBXContainerItemProxy */;
		};
/* End PBXTargetDependency section */

/* Begin PBXVariantGroup section */
		26D91D6219CB1CFC00A8FEC1 /* Main.storyboard */ = {
			isa = PBXVariantGroup;
			children = (
				26D91D6319CB1CFC00A8FEC1 /* Base */,
			);
			name = Main.storyboard;
			sourceTree = "<group>";
		};
		26D91D6719CB1CFC00A8FEC1 /* LaunchScreen.xib */ = {
			isa = PBXVariantGroup;
			children = (
				26D91D6819CB1CFC00A8FEC1 /* Base */,
			);
			name = LaunchScreen.xib;
			sourceTree = "<group>";
		};
/* End PBXVariantGroup section */

/* Begin XCBuildConfiguration section */
		26D91D7619CB1CFC00A8FEC1 /* Debug */ = {
			isa = XCBuildConfiguration;
			buildSettings = {
				ALWAYS_SEARCH_USER_PATHS = NO;
				CLANG_CXX_LANGUAGE_STANDARD = "gnu++0x";
				CLANG_CXX_LIBRARY = "libc++";
				CLANG_ENABLE_MODULES = YES;
				CLANG_ENABLE_OBJC_ARC = YES;
				CLANG_WARN_BOOL_CONVERSION = YES;
				CLANG_WARN_CONSTANT_CONVERSION = YES;
				CLANG_WARN_DIRECT_OBJC_ISA_USAGE = YES_ERROR;
				CLANG_WARN_EMPTY_BODY = YES;
				CLANG_WARN_ENUM_CONVERSION = YES;
				CLANG_WARN_INT_CONVERSION = YES;
				CLANG_WARN_OBJC_ROOT_CLASS = YES_ERROR;
				CLANG_WARN_UNREACHABLE_CODE = YES;
				CLANG_WARN__DUPLICATE_METHOD_MATCH = YES;
				"CODE_SIGN_IDENTITY[sdk=iphoneos*]" = "iPhone Developer";
				COPY_PHASE_STRIP = NO;
				ENABLE_STRICT_OBJC_MSGSEND = YES;
				GCC_C_LANGUAGE_STANDARD = gnu99;
				GCC_DYNAMIC_NO_PIC = NO;
				GCC_OPTIMIZATION_LEVEL = 0;
				GCC_PREPROCESSOR_DEFINITIONS = (
					"DEBUG=1",
					"$(inherited)",
				);
				GCC_SYMBOLS_PRIVATE_EXTERN = NO;
				GCC_WARN_64_TO_32_BIT_CONVERSION = YES;
				GCC_WARN_ABOUT_RETURN_TYPE = YES_ERROR;
				GCC_WARN_UNDECLARED_SELECTOR = YES;
				GCC_WARN_UNINITIALIZED_AUTOS = YES_AGGRESSIVE;
				GCC_WARN_UNUSED_FUNCTION = YES;
				GCC_WARN_UNUSED_VARIABLE = YES;
				IPHONEOS_DEPLOYMENT_TARGET = 8.0;
				MTL_ENABLE_DEBUG_INFO = YES;
				ONLY_ACTIVE_ARCH = YES;
				SDKROOT = iphoneos;
				SWIFT_OPTIMIZATION_LEVEL = "-Onone";
			};
			name = Debug;
		};
		26D91D7719CB1CFC00A8FEC1 /* Release */ = {
			isa = XCBuildConfiguration;
			buildSettings = {
				ALWAYS_SEARCH_USER_PATHS = NO;
				CLANG_CXX_LANGUAGE_STANDARD = "gnu++0x";
				CLANG_CXX_LIBRARY = "libc++";
				CLANG_ENABLE_MODULES = YES;
				CLANG_ENABLE_OBJC_ARC = YES;
				CLANG_WARN_BOOL_CONVERSION = YES;
				CLANG_WARN_CONSTANT_CONVERSION = YES;
				CLANG_WARN_DIRECT_OBJC_ISA_USAGE = YES_ERROR;
				CLANG_WARN_EMPTY_BODY = YES;
				CLANG_WARN_ENUM_CONVERSION = YES;
				CLANG_WARN_INT_CONVERSION = YES;
				CLANG_WARN_OBJC_ROOT_CLASS = YES_ERROR;
				CLANG_WARN_UNREACHABLE_CODE = YES;
				CLANG_WARN__DUPLICATE_METHOD_MATCH = YES;
				"CODE_SIGN_IDENTITY[sdk=iphoneos*]" = "iPhone Developer";
				COPY_PHASE_STRIP = YES;
				ENABLE_NS_ASSERTIONS = NO;
				ENABLE_STRICT_OBJC_MSGSEND = YES;
				GCC_C_LANGUAGE_STANDARD = gnu99;
				GCC_WARN_64_TO_32_BIT_CONVERSION = YES;
				GCC_WARN_ABOUT_RETURN_TYPE = YES_ERROR;
				GCC_WARN_UNDECLARED_SELECTOR = YES;
				GCC_WARN_UNINITIALIZED_AUTOS = YES_AGGRESSIVE;
				GCC_WARN_UNUSED_FUNCTION = YES;
				GCC_WARN_UNUSED_VARIABLE = YES;
				IPHONEOS_DEPLOYMENT_TARGET = 8.0;
				MTL_ENABLE_DEBUG_INFO = NO;
				SDKROOT = iphoneos;
				VALIDATE_PRODUCT = YES;
			};
			name = Release;
		};
		26D91D7919CB1CFC00A8FEC1 /* Debug */ = {
			isa = XCBuildConfiguration;
			buildSettings = {
				ASSETCATALOG_COMPILER_APPICON_NAME = AppIcon;
				CODE_SIGN_IDENTITY = "iPhone Developer";
				INFOPLIST_FILE = Re.Action/Info.plist;
				LD_RUNPATH_SEARCH_PATHS = "$(inherited) @executable_path/Frameworks";
				PRODUCT_NAME = "$(TARGET_NAME)";
			};
			name = Debug;
		};
		26D91D7A19CB1CFC00A8FEC1 /* Release */ = {
			isa = XCBuildConfiguration;
			buildSettings = {
				ASSETCATALOG_COMPILER_APPICON_NAME = AppIcon;
				CODE_SIGN_IDENTITY = "iPhone Developer";
				INFOPLIST_FILE = Re.Action/Info.plist;
				LD_RUNPATH_SEARCH_PATHS = "$(inherited) @executable_path/Frameworks";
				PRODUCT_NAME = "$(TARGET_NAME)";
			};
			name = Release;
		};
		26D91D7C19CB1CFC00A8FEC1 /* Debug */ = {
			isa = XCBuildConfiguration;
			buildSettings = {
				BUNDLE_LOADER = "$(TEST_HOST)";
				FRAMEWORK_SEARCH_PATHS = (
					"$(SDKROOT)/Developer/Library/Frameworks",
					"$(inherited)",
				);
				GCC_PREPROCESSOR_DEFINITIONS = (
					"DEBUG=1",
					"$(inherited)",
				);
				INFOPLIST_FILE = Re.ActionTests/Info.plist;
				LD_RUNPATH_SEARCH_PATHS = "$(inherited) @executable_path/Frameworks @loader_path/Frameworks";
				PRODUCT_NAME = "$(TARGET_NAME)";
				TEST_HOST = "$(BUILT_PRODUCTS_DIR)/Re.Action.app/Re.Action";
			};
			name = Debug;
		};
		26D91D7D19CB1CFC00A8FEC1 /* Release */ = {
			isa = XCBuildConfiguration;
			buildSettings = {
				BUNDLE_LOADER = "$(TEST_HOST)";
				FRAMEWORK_SEARCH_PATHS = (
					"$(SDKROOT)/Developer/Library/Frameworks",
					"$(inherited)",
				);
				INFOPLIST_FILE = Re.ActionTests/Info.plist;
				LD_RUNPATH_SEARCH_PATHS = "$(inherited) @executable_path/Frameworks @loader_path/Frameworks";
				PRODUCT_NAME = "$(TARGET_NAME)";
				TEST_HOST = "$(BUILT_PRODUCTS_DIR)/Re.Action.app/Re.Action";
			};
			name = Release;
		};
/* End XCBuildConfiguration section */

/* Begin XCConfigurationList section */
		26D91D5419CB1CFC00A8FEC1 /* Build configuration list for PBXProject "Re.Action" */ = {
			isa = XCConfigurationList;
			buildConfigurations = (
				26D91D7619CB1CFC00A8FEC1 /* Debug */,
				26D91D7719CB1CFC00A8FEC1 /* Release */,
			);
			defaultConfigurationIsVisible = 0;
			defaultConfigurationName = Release;
		};
		26D91D7819CB1CFC00A8FEC1 /* Build configuration list for PBXNativeTarget "Re.Action" */ = {
			isa = XCConfigurationList;
			buildConfigurations = (
				26D91D7919CB1CFC00A8FEC1 /* Debug */,
				26D91D7A19CB1CFC00A8FEC1 /* Release */,
			);
			defaultConfigurationIsVisible = 0;
		};
		26D91D7B19CB1CFC00A8FEC1 /* Build configuration list for PBXNativeTarget "Re.ActionTests" */ = {
			isa = XCConfigurationList;
			buildConfigurations = (
				26D91D7C19CB1CFC00A8FEC1 /* Debug */,
				26D91D7D19CB1CFC00A8FEC1 /* Release */,
			);
			defaultConfigurationIsVisible = 0;
		};
/* End XCConfigurationList section */
	};
	rootObject = 26D91D5119CB1CFC00A8FEC1 /* Project object */;
}
